
Microsoft Visual Studio Solution File, Format Version 12.00
# Visual Studio Version 16
VisualStudioVersion = 16.0.809.6
MinimumVisualStudioVersion = 10.0.40219.1
Project("{2150E333-8FDC-42A3-9474-1A3956D46DE8}") = "Core", "Core", "{F2054C51-1A4E-45E7-B453-4A4C89A20076}"
EndProject
Project("{2150E333-8FDC-42A3-9474-1A3956D46DE8}") = "Mobile", "Mobile", "{8A90CB3F-CFBC-41F4-8440-9BF8F7F0007D}"
EndProject
Project("{2150E333-8FDC-42A3-9474-1A3956D46DE8}") = "BusinnesLogic", "BusinnesLogic", "{297DF21D-01EF-4CBE-B6D3-6D3CF67D5056}"
EndProject
Project("{FAE04EC0-301F-11D3-BF4B-00C04F79EFBC}") = "BusinnesLogic", "BusinnesLogic\BusinnesLogic\BusinnesLogic.csproj", "{AE1D5CBE-1D63-4674-BBF9-37A09E500A9C}"
EndProject
Project("{FAE04EC0-301F-11D3-BF4B-00C04F79EFBC}") = "Core", "Core\Core\Core.csproj", "{2ECED587-F31C-4688-A44B-2BA4E3152670}"
EndProject
Project("{FAE04EC0-301F-11D3-BF4B-00C04F79EFBC}") = "BusinnesLogic.Tests", "BusinnesLogic\BusinnesLogic.Tests\BusinnesLogic.Tests.csproj", "{720C2CB1-28DB-4EB8-BC8A-A23EB3A0C09D}"
EndProject
Project("{FAE04EC0-301F-11D3-BF4B-00C04F79EFBC}") = "BusinnesLogic.IntegrationTests", "BusinnesLogic\BusinnesLogic.IntegrationTests\BusinnesLogic.IntegrationTests.csproj", "{0B18DC85-89C3-4671-AECC-435A14242969}"
EndProject
Project("{FAE04EC0-301F-11D3-BF4B-00C04F79EFBC}") = "Core.Tests", "Core\Core.Tests\Core.Tests.csproj", "{E6FD0E92-0E5F-4416-AB00-88EDB400A78A}"
EndProject
Project("{FAE04EC0-301F-11D3-BF4B-00C04F79EFBC}") = "Core.IntegrationTests", "Core\Core.IntegrationTests\Core.IntegrationTests.csproj", "{448F2427-959D-4348-B83B-F27EA8D7BE3B}"
EndProject
Project("{FAE04EC0-301F-11D3-BF4B-00C04F79EFBC}") = "TravelingCostsReport.Tests", "Mobile\TravelingCostsReport.Tests\TravelingCostsReport.Tests.csproj", "{8A35636C-E95B-48B9-B7D4-266CC63156C4}"
EndProject
Project("{FAE04EC0-301F-11D3-BF4B-00C04F79EFBC}") = "TravelingCostsReport.IntegrationTests", "Mobile\TravelingCostsReport.IntegrationTests\TravelingCostsReport.IntegrationTests.csproj", "{FE44B9AF-E54E-4B87-B744-8CE44E7BEB66}"
EndProject
Project("{FAE04EC0-301F-11D3-BF4B-00C04F79EFBC}") = "TravelingCostsReport.Droid", "TravelingCostsReport.Droid\TravelingCostsReport.Droid.csproj", "{A2DD2B32-57DE-4192-8494-56DA5A512541}"
EndProject
Global
	GlobalSection(SolutionConfigurationPlatforms) = preSolution
		Debug|Any CPU = Debug|Any CPU
		Release|Any CPU = Release|Any CPU
	EndGlobalSection
	GlobalSection(ProjectConfigurationPlatforms) = postSolution
		{AE1D5CBE-1D63-4674-BBF9-37A09E500A9C}.Debug|Any CPU.ActiveCfg = Debug|Any CPU
		{AE1D5CBE-1D63-4674-BBF9-37A09E500A9C}.Debug|Any CPU.Build.0 = Debug|Any CPU
		{AE1D5CBE-1D63-4674-BBF9-37A09E500A9C}.Release|Any CPU.ActiveCfg = Release|Any CPU
		{AE1D5CBE-1D63-4674-BBF9-37A09E500A9C}.Release|Any CPU.Build.0 = Release|Any CPU
		{2ECED587-F31C-4688-A44B-2BA4E3152670}.Debug|Any CPU.ActiveCfg = Debug|Any CPU
		{2ECED587-F31C-4688-A44B-2BA4E3152670}.Debug|Any CPU.Build.0 = Debug|Any CPU
		{2ECED587-F31C-4688-A44B-2BA4E3152670}.Release|Any CPU.ActiveCfg = Release|Any CPU
		{2ECED587-F31C-4688-A44B-2BA4E3152670}.Release|Any CPU.Build.0 = Release|Any CPU
		{720C2CB1-28DB-4EB8-BC8A-A23EB3A0C09D}.Debug|Any CPU.ActiveCfg = Debug|Any CPU
		{720C2CB1-28DB-4EB8-BC8A-A23EB3A0C09D}.Debug|Any CPU.Build.0 = Debug|Any CPU
		{720C2CB1-28DB-4EB8-BC8A-A23EB3A0C09D}.Release|Any CPU.ActiveCfg = Release|Any CPU
		{720C2CB1-28DB-4EB8-BC8A-A23EB3A0C09D}.Release|Any CPU.Build.0 = Release|Any CPU
		{0B18DC85-89C3-4671-AECC-435A14242969}.Debug|Any CPU.ActiveCfg = Debug|Any CPU
		{0B18DC85-89C3-4671-AECC-435A14242969}.Debug|Any CPU.Build.0 = Debug|Any CPU
		{0B18DC85-89C3-4671-AECC-435A14242969}.Release|Any CPU.ActiveCfg = Release|Any CPU
		{0B18DC85-89C3-4671-AECC-435A14242969}.Release|Any CPU.Build.0 = Release|Any CPU
		{E6FD0E92-0E5F-4416-AB00-88EDB400A78A}.Debug|Any CPU.ActiveCfg = Debug|Any CPU
		{E6FD0E92-0E5F-4416-AB00-88EDB400A78A}.Debug|Any CPU.Build.0 = Debug|Any CPU
		{E6FD0E92-0E5F-4416-AB00-88EDB400A78A}.Release|Any CPU.ActiveCfg = Release|Any CPU
		{E6FD0E92-0E5F-4416-AB00-88EDB400A78A}.Release|Any CPU.Build.0 = Release|Any CPU
		{448F2427-959D-4348-B83B-F27EA8D7BE3B}.Debug|Any CPU.ActiveCfg = Debug|Any CPU
		{448F2427-959D-4348-B83B-F27EA8D7BE3B}.Debug|Any CPU.Build.0 = Debug|Any CPU
		{448F2427-959D-4348-B83B-F27EA8D7BE3B}.Release|Any CPU.ActiveCfg = Release|Any CPU
		{448F2427-959D-4348-B83B-F27EA8D7BE3B}.Release|Any CPU.Build.0 = Release|Any CPU
		{8A35636C-E95B-48B9-B7D4-266CC63156C4}.Debug|Any CPU.ActiveCfg = Debug|Any CPU
		{8A35636C-E95B-48B9-B7D4-266CC63156C4}.Debug|Any CPU.Build.0 = Debug|Any CPU
		{8A35636C-E95B-48B9-B7D4-266CC63156C4}.Release|Any CPU.ActiveCfg = Release|Any CPU
		{8A35636C-E95B-48B9-B7D4-266CC63156C4}.Release|Any CPU.Build.0 = Release|Any CPU
		{FE44B9AF-E54E-4B87-B744-8CE44E7BEB66}.Debug|Any CPU.ActiveCfg = Debug|Any CPU
		{FE44B9AF-E54E-4B87-B744-8CE44E7BEB66}.Debug|Any CPU.Build.0 = Debug|Any CPU
		{FE44B9AF-E54E-4B87-B744-8CE44E7BEB66}.Release|Any CPU.ActiveCfg = Release|Any CPU
		{FE44B9AF-E54E-4B87-B744-8CE44E7BEB66}.Release|Any CPU.Build.0 = Release|Any CPU
		{A2DD2B32-57DE-4192-8494-56DA5A512541}.Debug|Any CPU.ActiveCfg = Debug|Any CPU
		{A2DD2B32-57DE-4192-8494-56DA5A512541}.Debug|Any CPU.Build.0 = Debug|Any CPU
		{A2DD2B32-57DE-4192-8494-56DA5A512541}.Release|Any CPU.ActiveCfg = Release|Any CPU
		{A2DD2B32-57DE-4192-8494-56DA5A512541}.Release|Any CPU.Build.0 = Release|Any CPU
	EndGlobalSection
	GlobalSection(SolutionProperties) = preSolution
		HideSolutionNode = FALSE
	EndGlobalSection
	GlobalSection(ExtensibilityGlobals) = postSolution
		SolutionGuid = {11997930-7C38-4A6E-B448-629D1E2ECD8D}
	EndGlobalSection
	GlobalSection(NestedProjects) = preSolution
		{AE1D5CBE-1D63-4674-BBF9-37A09E500A9C} = {297DF21D-01EF-4CBE-B6D3-6D3CF67D5056}
		{2ECED587-F31C-4688-A44B-2BA4E3152670} = {F2054C51-1A4E-45E7-B453-4A4C89A20076}
		{720C2CB1-28DB-4EB8-BC8A-A23EB3A0C09D} = {297DF21D-01EF-4CBE-B6D3-6D3CF67D5056}
		{0B18DC85-89C3-4671-AECC-435A14242969} = {297DF21D-01EF-4CBE-B6D3-6D3CF67D5056}
		{E6FD0E92-0E5F-4416-AB00-88EDB400A78A} = {F2054C51-1A4E-45E7-B453-4A4C89A20076}
		{448F2427-959D-4348-B83B-F27EA8D7BE3B} = {F2054C51-1A4E-45E7-B453-4A4C89A20076}
		{8A35636C-E95B-48B9-B7D4-266CC63156C4} = {8A90CB3F-CFBC-41F4-8440-9BF8F7F0007D}
		{FE44B9AF-E54E-4B87-B744-8CE44E7BEB66} = {8A90CB3F-CFBC-41F4-8440-9BF8F7F0007D}
		{A2DD2B32-57DE-4192-8494-56DA5A512541} = {8A90CB3F-CFBC-41F4-8440-9BF8F7F0007D}
	EndGlobalSection
EndGlobal
