
Microsoft Visual Studio Solution File, Format Version 12.00
# Visual Studio Version 16
VisualStudioVersion = 16.0.809.6
MinimumVisualStudioVersion = 10.0.40219.1
Project("{2150E333-8FDC-42A3-9474-1A3956D46DE8}") = "Core", "Core", "{F2054C51-1A4E-45E7-B453-4A4C89A20076}"
EndProject
Project("{2150E333-8FDC-42A3-9474-1A3956D46DE8}") = "Mobile", "Mobile", "{8A90CB3F-CFBC-41F4-8440-9BF8F7F0007D}"
EndProject
Project("{2150E333-8FDC-42A3-9474-1A3956D46DE8}") = "BusinnesLogic", "BusinnesLogic", "{297DF21D-01EF-4CBE-B6D3-6D3CF67D5056}"
EndProject
Project("{FAE04EC0-301F-11D3-BF4B-00C04F79EFBC}") = "BusinnesLogic", "BusinnesLogic\BusinnesLogic\BusinnesLogic.csproj", "{AE1D5CBE-1D63-4674-BBF9-37A09E500A9C}"
EndProject
Project("{FAE04EC0-301F-11D3-BF4B-00C04F79EFBC}") = "Core", "Core\Core\Core.csproj", "{2ECED587-F31C-4688-A44B-2BA4E3152670}"
EndProject
Project("{FAE04EC0-301F-11D3-BF4B-00C04F79EFBC}") = "TravelingCostsReport.Android", "Mobile\TravelingCostsReport.Android\TravelingCostsReport.Android.csproj", "{506A7068-A4EB-48C4-95DC-AC6D4A402A3D}"
EndProject
Project("{FAE04EC0-301F-11D3-BF4B-00C04F79EFBC}") = "TravelingCostsReport", "Mobile\TravelingCostsReport\TravelingCostsReport.csproj", "{C4E92544-71B3-4AEF-ABFF-D1A3EA6C051A}"
EndProject
Global
	GlobalSection(SolutionConfigurationPlatforms) = preSolution
		Debug|Any CPU = Debug|Any CPU
		Release|Any CPU = Release|Any CPU
	EndGlobalSection
	GlobalSection(ProjectConfigurationPlatforms) = postSolution
		{AE1D5CBE-1D63-4674-BBF9-37A09E500A9C}.Debug|Any CPU.ActiveCfg = Debug|Any CPU
		{AE1D5CBE-1D63-4674-BBF9-37A09E500A9C}.Debug|Any CPU.Build.0 = Debug|Any CPU
		{AE1D5CBE-1D63-4674-BBF9-37A09E500A9C}.Release|Any CPU.ActiveCfg = Release|Any CPU
		{AE1D5CBE-1D63-4674-BBF9-37A09E500A9C}.Release|Any CPU.Build.0 = Release|Any CPU
		{2ECED587-F31C-4688-A44B-2BA4E3152670}.Debug|Any CPU.ActiveCfg = Debug|Any CPU
		{2ECED587-F31C-4688-A44B-2BA4E3152670}.Debug|Any CPU.Build.0 = Debug|Any CPU
		{2ECED587-F31C-4688-A44B-2BA4E3152670}.Release|Any CPU.ActiveCfg = Release|Any CPU
		{2ECED587-F31C-4688-A44B-2BA4E3152670}.Release|Any CPU.Build.0 = Release|Any CPU
		{506A7068-A4EB-48C4-95DC-AC6D4A402A3D}.Debug|Any CPU.ActiveCfg = Debug|Any CPU
		{506A7068-A4EB-48C4-95DC-AC6D4A402A3D}.Debug|Any CPU.Build.0 = Debug|Any CPU
		{506A7068-A4EB-48C4-95DC-AC6D4A402A3D}.Release|Any CPU.ActiveCfg = Release|Any CPU
		{506A7068-A4EB-48C4-95DC-AC6D4A402A3D}.Release|Any CPU.Build.0 = Release|Any CPU
		{C4E92544-71B3-4AEF-ABFF-D1A3EA6C051A}.Debug|Any CPU.ActiveCfg = Debug|Any CPU
		{C4E92544-71B3-4AEF-ABFF-D1A3EA6C051A}.Debug|Any CPU.Build.0 = Debug|Any CPU
		{C4E92544-71B3-4AEF-ABFF-D1A3EA6C051A}.Release|Any CPU.ActiveCfg = Release|Any CPU
		{C4E92544-71B3-4AEF-ABFF-D1A3EA6C051A}.Release|Any CPU.Build.0 = Release|Any CPU
	EndGlobalSection
	GlobalSection(SolutionProperties) = preSolution
		HideSolutionNode = FALSE
	EndGlobalSection
	GlobalSection(ExtensibilityGlobals) = postSolution
		SolutionGuid = {11997930-7C38-4A6E-B448-629D1E2ECD8D}
	EndGlobalSection
	GlobalSection(NestedProjects) = preSolution
		{AE1D5CBE-1D63-4674-BBF9-37A09E500A9C} = {297DF21D-01EF-4CBE-B6D3-6D3CF67D5056}
		{2ECED587-F31C-4688-A44B-2BA4E3152670} = {F2054C51-1A4E-45E7-B453-4A4C89A20076}
		{506A7068-A4EB-48C4-95DC-AC6D4A402A3D} = {8A90CB3F-CFBC-41F4-8440-9BF8F7F0007D}
		{C4E92544-71B3-4AEF-ABFF-D1A3EA6C051A} = {8A90CB3F-CFBC-41F4-8440-9BF8F7F0007D}
	EndGlobalSection
EndGlobal
